
Microsoft Visual Studio Solution File, Format Version 12.00
# Visual Studio 15
VisualStudioVersion = 15.0.28010.2016
MinimumVisualStudioVersion = 10.0.40219.1
Project("{FAE04EC0-301F-11D3-BF4B-00C04F79EFBC}") = "TicketApp", "TicketApp\TicketApp.csproj", "{3298D71A-A6D5-4D69-88C9-7B072E312E81}"
EndProject
Project("{FAE04EC0-301F-11D3-BF4B-00C04F79EFBC}") = "TicketApp.Tests", "TicketApp.Tests\TicketApp.Tests.csproj", "{9A2C5224-11A1-46D5-8BFE-63A8B7CAB7E4}"
EndProject
Project("{FAE04EC0-301F-11D3-BF4B-00C04F79EFBC}") = "Library.Model", "Library.Model\Library.Model.csproj", "{A487D7A1-752B-4AFF-AA10-C0A4E47BFE19}"
EndProject
Project("{FAE04EC0-301F-11D3-BF4B-00C04F79EFBC}") = "Library.Logic", "Library.Logic\Library.Logic.csproj", "{17B8366C-527A-40D2-8269-09B85B41A748}"
EndProject
Project("{FAE04EC0-301F-11D3-BF4B-00C04F79EFBC}") = "Library.Payment", "Library.Payment\Library.Payment.csproj", "{3520F4D3-F24F-470B-B380-D7F2AFC4C7D5}"
EndProject
Project("{FAE04EC0-301F-11D3-BF4B-00C04F79EFBC}") = "Library.Verification", "Library.Verification\Library.Verification.csproj", "{1ED99D0F-2A50-4AE5-A4AB-BDE82F503414}"
EndProject
Project("{FAE04EC0-301F-11D3-BF4B-00C04F79EFBC}") = "Library.Persistency", "Library.Persistency\Library.Persistency.csproj", "{BDA1C974-AD2C-445F-941C-6F2E5B343C30}"
EndProject
Project("{FAE04EC0-301F-11D3-BF4B-00C04F79EFBC}") = "Library.DataAccess", "Library.DataAccess\Library.DataAccess.csproj", "{7C0867F3-F5B4-4976-BA2D-484CDD3F7F8D}"
EndProject
Project("{FAE04EC0-301F-11D3-BF4B-00C04F79EFBC}") = "Library.PersistenceAdapter", "Library.PersistenceAdapter\Library.PersistenceAdapter.csproj", "{9FBD0336-3614-4598-813D-A1534489A67D}"
EndProject
Global
	GlobalSection(SolutionConfigurationPlatforms) = preSolution
		Debug|Any CPU = Debug|Any CPU
		Release|Any CPU = Release|Any CPU
	EndGlobalSection
	GlobalSection(ProjectConfigurationPlatforms) = postSolution
		{3298D71A-A6D5-4D69-88C9-7B072E312E81}.Debug|Any CPU.ActiveCfg = Debug|Any CPU
		{3298D71A-A6D5-4D69-88C9-7B072E312E81}.Debug|Any CPU.Build.0 = Debug|Any CPU
		{3298D71A-A6D5-4D69-88C9-7B072E312E81}.Release|Any CPU.ActiveCfg = Release|Any CPU
		{3298D71A-A6D5-4D69-88C9-7B072E312E81}.Release|Any CPU.Build.0 = Release|Any CPU
		{9A2C5224-11A1-46D5-8BFE-63A8B7CAB7E4}.Debug|Any CPU.ActiveCfg = Debug|Any CPU
		{9A2C5224-11A1-46D5-8BFE-63A8B7CAB7E4}.Debug|Any CPU.Build.0 = Debug|Any CPU
		{9A2C5224-11A1-46D5-8BFE-63A8B7CAB7E4}.Release|Any CPU.ActiveCfg = Release|Any CPU
		{9A2C5224-11A1-46D5-8BFE-63A8B7CAB7E4}.Release|Any CPU.Build.0 = Release|Any CPU
		{A487D7A1-752B-4AFF-AA10-C0A4E47BFE19}.Debug|Any CPU.ActiveCfg = Debug|Any CPU
		{A487D7A1-752B-4AFF-AA10-C0A4E47BFE19}.Debug|Any CPU.Build.0 = Debug|Any CPU
		{A487D7A1-752B-4AFF-AA10-C0A4E47BFE19}.Release|Any CPU.ActiveCfg = Release|Any CPU
		{A487D7A1-752B-4AFF-AA10-C0A4E47BFE19}.Release|Any CPU.Build.0 = Release|Any CPU
		{17B8366C-527A-40D2-8269-09B85B41A748}.Debug|Any CPU.ActiveCfg = Debug|Any CPU
		{17B8366C-527A-40D2-8269-09B85B41A748}.Debug|Any CPU.Build.0 = Debug|Any CPU
		{17B8366C-527A-40D2-8269-09B85B41A748}.Release|Any CPU.ActiveCfg = Release|Any CPU
		{17B8366C-527A-40D2-8269-09B85B41A748}.Release|Any CPU.Build.0 = Release|Any CPU
		{3520F4D3-F24F-470B-B380-D7F2AFC4C7D5}.Debug|Any CPU.ActiveCfg = Debug|Any CPU
		{3520F4D3-F24F-470B-B380-D7F2AFC4C7D5}.Debug|Any CPU.Build.0 = Debug|Any CPU
		{3520F4D3-F24F-470B-B380-D7F2AFC4C7D5}.Release|Any CPU.ActiveCfg = Release|Any CPU
		{3520F4D3-F24F-470B-B380-D7F2AFC4C7D5}.Release|Any CPU.Build.0 = Release|Any CPU
		{1ED99D0F-2A50-4AE5-A4AB-BDE82F503414}.Debug|Any CPU.ActiveCfg = Debug|Any CPU
		{1ED99D0F-2A50-4AE5-A4AB-BDE82F503414}.Debug|Any CPU.Build.0 = Debug|Any CPU
		{1ED99D0F-2A50-4AE5-A4AB-BDE82F503414}.Release|Any CPU.ActiveCfg = Release|Any CPU
		{1ED99D0F-2A50-4AE5-A4AB-BDE82F503414}.Release|Any CPU.Build.0 = Release|Any CPU
		{BDA1C974-AD2C-445F-941C-6F2E5B343C30}.Debug|Any CPU.ActiveCfg = Debug|Any CPU
		{BDA1C974-AD2C-445F-941C-6F2E5B343C30}.Debug|Any CPU.Build.0 = Debug|Any CPU
		{BDA1C974-AD2C-445F-941C-6F2E5B343C30}.Release|Any CPU.ActiveCfg = Release|Any CPU
		{BDA1C974-AD2C-445F-941C-6F2E5B343C30}.Release|Any CPU.Build.0 = Release|Any CPU
		{7C0867F3-F5B4-4976-BA2D-484CDD3F7F8D}.Debug|Any CPU.ActiveCfg = Debug|Any CPU
		{7C0867F3-F5B4-4976-BA2D-484CDD3F7F8D}.Debug|Any CPU.Build.0 = Debug|Any CPU
		{7C0867F3-F5B4-4976-BA2D-484CDD3F7F8D}.Release|Any CPU.ActiveCfg = Release|Any CPU
		{7C0867F3-F5B4-4976-BA2D-484CDD3F7F8D}.Release|Any CPU.Build.0 = Release|Any CPU
		{9FBD0336-3614-4598-813D-A1534489A67D}.Debug|Any CPU.ActiveCfg = Debug|Any CPU
		{9FBD0336-3614-4598-813D-A1534489A67D}.Debug|Any CPU.Build.0 = Debug|Any CPU
		{9FBD0336-3614-4598-813D-A1534489A67D}.Release|Any CPU.ActiveCfg = Release|Any CPU
		{9FBD0336-3614-4598-813D-A1534489A67D}.Release|Any CPU.Build.0 = Release|Any CPU
	EndGlobalSection
	GlobalSection(SolutionProperties) = preSolution
		HideSolutionNode = FALSE
	EndGlobalSection
	GlobalSection(ExtensibilityGlobals) = postSolution
		SolutionGuid = {AB199A4D-8568-4C57-8E60-43949B210094}
	EndGlobalSection
EndGlobal
